
Microsoft Visual Studio Solution File, Format Version 12.00
# Visual Studio Version 17
VisualStudioVersion = 17.0.31903.59
MinimumVisualStudioVersion = 10.0.40219.1
Project("{2150E333-8FDC-42A3-9474-1A3956D46DE8}") = "src", "src", "{707011EE-A01C-4B64-A353-5375405A9251}"
EndProject
Project("{FAE04EC0-301F-11D3-BF4B-00C04F79EFBC}") = "BankingApp.Core", "src\BankingApp.Core\BankingApp.Core.csproj", "{BC90A839-B8D7-4856-90B6-78BA3ADA6F0F}"
EndProject
Project("{FAE04EC0-301F-11D3-BF4B-00C04F79EFBC}") = "BankingApp.Infrastructure", "src\BankingApp.Infrastructure\BankingApp.Infrastructure.csproj", "{378E0EC6-AAB6-47A8-8463-3335004C8D19}"
EndProject
Project("{FAE04EC0-301F-11D3-BF4B-00C04F79EFBC}") = "BankingApp.API", "src\BankingApp.API\BankingApp.API.csproj", "{3F935D64-D0B4-49A1-86C8-84E0F9C8BD57}"
EndProject
Global
	GlobalSection(SolutionConfigurationPlatforms) = preSolution
		Debug|Any CPU = Debug|Any CPU
		Release|Any CPU = Release|Any CPU
	EndGlobalSection
	GlobalSection(SolutionProperties) = preSolution
		HideSolutionNode = FALSE
	EndGlobalSection
	GlobalSection(ProjectConfigurationPlatforms) = postSolution
		{BC90A839-B8D7-4856-90B6-78BA3ADA6F0F}.Debug|Any CPU.ActiveCfg = Debug|Any CPU
		{BC90A839-B8D7-4856-90B6-78BA3ADA6F0F}.Debug|Any CPU.Build.0 = Debug|Any CPU
		{BC90A839-B8D7-4856-90B6-78BA3ADA6F0F}.Release|Any CPU.ActiveCfg = Release|Any CPU
		{BC90A839-B8D7-4856-90B6-78BA3ADA6F0F}.Release|Any CPU.Build.0 = Release|Any CPU
		{378E0EC6-AAB6-47A8-8463-3335004C8D19}.Debug|Any CPU.ActiveCfg = Debug|Any CPU
		{378E0EC6-AAB6-47A8-8463-3335004C8D19}.Debug|Any CPU.Build.0 = Debug|Any CPU
		{378E0EC6-AAB6-47A8-8463-3335004C8D19}.Release|Any CPU.ActiveCfg = Release|Any CPU
		{378E0EC6-AAB6-47A8-8463-3335004C8D19}.Release|Any CPU.Build.0 = Release|Any CPU
		{3F935D64-D0B4-49A1-86C8-84E0F9C8BD57}.Debug|Any CPU.ActiveCfg = Debug|Any CPU
		{3F935D64-D0B4-49A1-86C8-84E0F9C8BD57}.Debug|Any CPU.Build.0 = Debug|Any CPU
		{3F935D64-D0B4-49A1-86C8-84E0F9C8BD57}.Release|Any CPU.ActiveCfg = Release|Any CPU
		{3F935D64-D0B4-49A1-86C8-84E0F9C8BD57}.Release|Any CPU.Build.0 = Release|Any CPU
	EndGlobalSection
	GlobalSection(NestedProjects) = preSolution
		{BC90A839-B8D7-4856-90B6-78BA3ADA6F0F} = {707011EE-A01C-4B64-A353-5375405A9251}
		{378E0EC6-AAB6-47A8-8463-3335004C8D19} = {707011EE-A01C-4B64-A353-5375405A9251}
		{3F935D64-D0B4-49A1-86C8-84E0F9C8BD57} = {707011EE-A01C-4B64-A353-5375405A9251}
	EndGlobalSection
EndGlobal
